{
  "nodes": {
    "dwmDotfiles": {
      "flake": false,
      "locked": {
        "lastModified": 1756530237,
        "narHash": "sha256-cBaviBPGpXU2vzR59gpHE5Wk9PP4LDav5lmIYS9iwFk=",
        "ref": "refs/heads/main",
        "rev": "0f0d8e82058e49b11e066f0fb2e0eb99fd43b00d",
        "revCount": 4,
        "type": "git",
        "url": "https://github.com/dbochoa77/dwmRepo.git"
      },
      "original": {
        "type": "git",
        "url": "https://github.com/dbochoa77/dwmRepo.git"
      }
    },
    "home-manager": {
      "inputs": {
        "nixpkgs": [
          "nixpkgs"
        ]
      },
      "locked": {
        "lastModified": 1757598712,
        "narHash": "sha256-5PWVrdMp8u31Q247jqnJcwxKg3MJrs1TadTyTBRVBDY=",
        "owner": "nix-community",
        "repo": "home-manager",
        "rev": "6d7c11a0adee0db21e3a8ef90ae07bb89bc20b8f",
        "type": "github"
      },
      "original": {
        "owner": "nix-community",
        "repo": "home-manager",
        "type": "github"
      }
    },
    "nixpkgs": {
      "locked": {
        "lastModified": 1757487488,
        "narHash": "sha256-zwE/e7CuPJUWKdvvTCB7iunV4E/+G0lKfv4kk/5Izdg=",
        "owner": "nixos",
        "repo": "nixpkgs",
        "rev": "ab0f3607a6c7486ea22229b92ed2d355f1482ee0",
        "type": "github"
      },
      "original": {
        "owner": "nixos",
        "ref": "nixos-unstable",
        "repo": "nixpkgs",
        "type": "github"
      }
    },
    "nixpkgs-stable": {
      "locked": {
        "lastModified": 1735563628,
        "narHash": "sha256-OnSAY7XDSx7CtDoqNh8jwVwh4xNL/2HaJxGjryLWzX8=",
        "owner": "nixos",
        "repo": "nixpkgs",
        "rev": "b134951a4c9f3c995fd7be05f3243f8ecd65d798",
        "type": "github"
      },
      "original": {
        "owner": "nixos",
        "ref": "nixos-24.05",
        "repo": "nixpkgs",
        "type": "github"
      }
    },
    "nvimDotfiles": {
      "flake": false,
      "locked": {
        "lastModified": 1752018499,
        "narHash": "sha256-UzDfqXYSskgF+YN+fN5x11PtKksBNtrSmgt6gKskDxE=",
        "ref": "refs/heads/main",
        "rev": "a7e4974e17d2633a3e788962f8ec385bd87c2d5f",
        "revCount": 3,
        "type": "git",
        "url": "https://github.com/dbochoa77/nvim.git"
      },
      "original": {
        "type": "git",
        "url": "https://github.com/dbochoa77/nvim.git"
      }
    },
    "root": {
      "inputs": {
        "dwmDotfiles": "dwmDotfiles",
        "home-manager": "home-manager",
        "nixpkgs": "nixpkgs",
        "nixpkgs-stable": "nixpkgs-stable",
        "nvimDotfiles": "nvimDotfiles"
      }
    }
  },
  "root": "root",
  "version": 7
}
