{
  "nodes": {
    "dwmDotfiles": {
      "flake": false,
      "locked": {
        "lastModified": 1759623665,
        "narHash": "sha256-IuEeI2LwKZ/OwcK4AxKLc8uBstyNozKvLiTVM+1A+3c=",
        "ref": "refs/heads/main",
        "rev": "abcba4287467044032956c2a7d9da8957029936e",
        "revCount": 12,
        "type": "git",
        "url": "https://github.com/dbochoa77/dwmRepo.git"
      },
      "original": {
        "type": "git",
        "url": "https://github.com/dbochoa77/dwmRepo.git"
      }
    },
    "home-manager": {
      "inputs": {
        "nixpkgs": [
          "nixpkgs"
        ]
      },
      "locked": {
        "lastModified": 1759573136,
        "narHash": "sha256-ILSPD0Dm8p0w0fCVzOx98ZH8yFDrR75GmwmH3fS2VnE=",
        "owner": "nix-community",
        "repo": "home-manager",
        "rev": "5f06ceafc6c9b773a776b9195c3f47bbe1defa43",
        "type": "github"
      },
      "original": {
        "owner": "nix-community",
        "repo": "home-manager",
        "type": "github"
      }
    },
    "nixos-boot": {
      "flake": false,
      "locked": {
        "lastModified": 1757898256,
        "narHash": "sha256-wFgPuKfInfv58fmnctSzs3zzJN6sRDUUXvVf+fbRE8A=",
        "ref": "refs/heads/main",
        "rev": "705d7efd405d9d58d7621fb88d1db56bfbaa0fac",
        "revCount": 30,
        "type": "git",
        "url": "https://github.com/dbochoa77/nixos-boot.git"
      },
      "original": {
        "type": "git",
        "url": "https://github.com/dbochoa77/nixos-boot.git"
      }
    },
    "nixpkgs": {
      "locked": {
        "lastModified": 1759381078,
        "narHash": "sha256-gTrEEp5gEspIcCOx9PD8kMaF1iEmfBcTbO0Jag2QhQs=",
        "owner": "nixos",
        "repo": "nixpkgs",
        "rev": "7df7ff7d8e00218376575f0acdcc5d66741351ee",
        "type": "github"
      },
      "original": {
        "owner": "nixos",
        "ref": "nixos-unstable",
        "repo": "nixpkgs",
        "type": "github"
      }
    },
    "nixpkgs-stable": {
      "locked": {
        "lastModified": 1735563628,
        "narHash": "sha256-OnSAY7XDSx7CtDoqNh8jwVwh4xNL/2HaJxGjryLWzX8=",
        "owner": "nixos",
        "repo": "nixpkgs",
        "rev": "b134951a4c9f3c995fd7be05f3243f8ecd65d798",
        "type": "github"
      },
      "original": {
        "owner": "nixos",
        "ref": "nixos-24.05",
        "repo": "nixpkgs",
        "type": "github"
      }
    },
    "nvimDotfiles": {
      "flake": false,
      "locked": {
        "lastModified": 1759627603,
        "narHash": "sha256-21qg0cZwL2TLbapEeN8ZHoj+IglwLyvSQ+MPtcpL13I=",
        "ref": "refs/heads/main",
        "rev": "7797fe1b4885e512c4697bb910e024d60f200187",
        "revCount": 4,
        "type": "git",
        "url": "https://github.com/dbochoa77/nvim.git"
      },
      "original": {
        "type": "git",
        "url": "https://github.com/dbochoa77/nvim.git"
      }
    },
    "root": {
      "inputs": {
        "dwmDotfiles": "dwmDotfiles",
        "home-manager": "home-manager",
        "nixos-boot": "nixos-boot",
        "nixpkgs": "nixpkgs",
        "nixpkgs-stable": "nixpkgs-stable",
        "nvimDotfiles": "nvimDotfiles"
      }
    }
  },
  "root": "root",
  "version": 7
}
